
Microsoft Visual Studio Solution File, Format Version 12.00
# Visual Studio Version 17
VisualStudioVersion = 17.10.34916.146
MinimumVisualStudioVersion = 10.0.40219.1
Project("{9A19103F-16F7-4668-BE54-9A1E7A4F7556}") = "EmployeeManagement", "EmployeeManagement.csproj", "{5A1F21CB-F182-495E-BDB7-DA538140185F}"
EndProject
Project("{9A19103F-16F7-4668-BE54-9A1E7A4F7556}") = "Data", "..\Data\Data.csproj", "{63CC0C05-B2F3-4E6F-B2C6-A375684C7D20}"
EndProject
Project("{9A19103F-16F7-4668-BE54-9A1E7A4F7556}") = "Common", "..\Common\Common.csproj", "{0CD6FC52-D5FF-488F-B268-8989E067A78C}"
EndProject
Project("{FAE04EC0-301F-11D3-BF4B-00C04F79EFBC}") = "Business", "..\Business\Business.csproj", "{E11507B4-8384-46B0-B354-13727AAE5A17}"
EndProject
Global
	GlobalSection(SolutionConfigurationPlatforms) = preSolution
		Debug|Any CPU = Debug|Any CPU
		Release|Any CPU = Release|Any CPU
	EndGlobalSection
	GlobalSection(ProjectConfigurationPlatforms) = postSolution
		{5A1F21CB-F182-495E-BDB7-DA538140185F}.Debug|Any CPU.ActiveCfg = Debug|Any CPU
		{5A1F21CB-F182-495E-BDB7-DA538140185F}.Debug|Any CPU.Build.0 = Debug|Any CPU
		{5A1F21CB-F182-495E-BDB7-DA538140185F}.Release|Any CPU.ActiveCfg = Release|Any CPU
		{5A1F21CB-F182-495E-BDB7-DA538140185F}.Release|Any CPU.Build.0 = Release|Any CPU
		{63CC0C05-B2F3-4E6F-B2C6-A375684C7D20}.Debug|Any CPU.ActiveCfg = Debug|Any CPU
		{63CC0C05-B2F3-4E6F-B2C6-A375684C7D20}.Debug|Any CPU.Build.0 = Debug|Any CPU
		{63CC0C05-B2F3-4E6F-B2C6-A375684C7D20}.Release|Any CPU.ActiveCfg = Release|Any CPU
		{63CC0C05-B2F3-4E6F-B2C6-A375684C7D20}.Release|Any CPU.Build.0 = Release|Any CPU
		{0CD6FC52-D5FF-488F-B268-8989E067A78C}.Debug|Any CPU.ActiveCfg = Debug|Any CPU
		{0CD6FC52-D5FF-488F-B268-8989E067A78C}.Debug|Any CPU.Build.0 = Debug|Any CPU
		{0CD6FC52-D5FF-488F-B268-8989E067A78C}.Release|Any CPU.ActiveCfg = Release|Any CPU
		{0CD6FC52-D5FF-488F-B268-8989E067A78C}.Release|Any CPU.Build.0 = Release|Any CPU
		{E11507B4-8384-46B0-B354-13727AAE5A17}.Debug|Any CPU.ActiveCfg = Debug|Any CPU
		{E11507B4-8384-46B0-B354-13727AAE5A17}.Debug|Any CPU.Build.0 = Debug|Any CPU
		{E11507B4-8384-46B0-B354-13727AAE5A17}.Release|Any CPU.ActiveCfg = Release|Any CPU
		{E11507B4-8384-46B0-B354-13727AAE5A17}.Release|Any CPU.Build.0 = Release|Any CPU
	EndGlobalSection
	GlobalSection(SolutionProperties) = preSolution
		HideSolutionNode = FALSE
	EndGlobalSection
	GlobalSection(ExtensibilityGlobals) = postSolution
		SolutionGuid = {237EBE3D-5C2F-4EB2-AD6F-8B6C2879A0C9}
	EndGlobalSection
EndGlobal
